
Microsoft Visual Studio Solution File, Format Version 12.00
# Visual Studio Version 17
VisualStudioVersion = 17.0.31919.166
MinimumVisualStudioVersion = 10.0.40219.1
Project("{F2A71F9B-5D33-465A-A702-920D77279786}") = "DotsAndBoxes.Logic", "DotsAndBoxes.Logic\DotsAndBoxes.Logic.fsproj", "{7B8C5D4E-6A9F-4D2B-8C1A-9E7F3B4A5C2D}"
EndProject
Project("{9A19103F-16F7-4668-BE54-9A1E7A4F7557}") = "DotsAndBoxes.UI", "DotsAndBoxes.UI\DotsAndBoxes.UI.csproj", "{6D5A4C3B-2E1F-4A6B-9D8C-7E5F2A3B4C5D}"
EndProject
Global
	GlobalSection(SolutionConfigurationPlatforms) = preSolution
		Debug|Any CPU = Debug|Any CPU
		Release|Any CPU = Release|Any CPU
	EndGlobalSection
	GlobalSection(ProjectConfigurationPlatforms) = postSolution
		{7B8C5D4E-6A9F-4D2B-8C1A-9E7F3B4A5C2D}.Debug|Any CPU.ActiveCfg = Debug|Any CPU
		{7B8C5D4E-6A9F-4D2B-8C1A-9E7F3B4A5C2D}.Debug|Any CPU.Build.0 = Debug|Any CPU
		{7B8C5D4E-6A9F-4D2B-8C1A-9E7F3B4A5C2D}.Release|Any CPU.ActiveCfg = Release|Any CPU
		{7B8C5D4E-6A9F-4D2B-8C1A-9E7F3B4A5C2D}.Release|Any CPU.Build.0 = Release|Any CPU
		{6D5A4C3B-2E1F-4A6B-9D8C-7E5F2A3B4C5D}.Debug|Any CPU.ActiveCfg = Debug|Any CPU
		{6D5A4C3B-2E1F-4A6B-9D8C-7E5F2A3B4C5D}.Debug|Any CPU.Build.0 = Debug|Any CPU
		{6D5A4C3B-2E1F-4A6B-9D8C-7E5F2A3B4C5D}.Release|Any CPU.ActiveCfg = Release|Any CPU
		{6D5A4C3B-2E1F-4A6B-9D8C-7E5F2A3B4C5D}.Release|Any CPU.Build.0 = Release|Any CPU
	EndGlobalSection
EndGlobal
